
Microsoft Visual Studio Solution File, Format Version 12.00
# Visual Studio Version 17
VisualStudioVersion = 17.8.34309.116
MinimumVisualStudioVersion = 10.0.40219.1
Project("{FAE04EC0-301F-11D3-BF4B-00C04F79EFBC}") = "PKX", "PKX.csproj", "{2274B1B7-C804-458C-8E72-031928746EB1}"
EndProject
Global
	GlobalSection(SolutionConfigurationPlatforms) = preSolution
		Debug|Any CPU = Debug|Any CPU
		Release|Any CPU = Release|Any CPU
	EndGlobalSection
	GlobalSection(ProjectConfigurationPlatforms) = postSolution
		{2274B1B7-C804-458C-8E72-031928746EB1}.Debug|Any CPU.ActiveCfg = Debug|Any CPU
		{2274B1B7-C804-458C-8E72-031928746EB1}.Debug|Any CPU.Build.0 = Debug|Any CPU
		{2274B1B7-C804-458C-8E72-031928746EB1}.Release|Any CPU.ActiveCfg = Release|Any CPU
		{2274B1B7-C804-458C-8E72-031928746EB1}.Release|Any CPU.Build.0 = Release|Any CPU
	EndGlobalSection
	GlobalSection(SolutionProperties) = preSolution
		HideSolutionNode = FALSE
	EndGlobalSection
	GlobalSection(ExtensibilityGlobals) = postSolution
		SolutionGuid = {8140BA68-117C-448F-A49A-250A8D004C6D}
	EndGlobalSection
EndGlobal
